uuid: f408c9f9-e45f-4be8-96a8-59ff34aca550
langcode: en
status: true
dependencies:
  module:
    - crescenttool_core
  theme:
    - crescenttool_au
id: footer_navigation_block
theme: crescenttool_au
region: footer_first
weight: 0
provider: null
plugin: footer_navigation_block
settings:
  id: footer_navigation_block
  label: 'Footer navigation block'
  label_display: '0'
  provider: crescenttool_core
visibility: {  }
