uuid: e4781bdf-1ba4-409a-b078-7d729feeccef
langcode: en
status: false
dependencies:
  module:
    - gearwrench_core
  theme:
    - gearwrench_au
id: footer_navigation_block
theme: gearwrench
region: ''
weight: 0
provider: null
plugin: footer_navigation_block
settings:
  id: footer_navigation_block
  label: 'Footer navigation block'
  label_display: '0'
  provider: gearwrench_core
visibility: {  }
