uuid: d7c60425-8350-4945-a1c5-ee8f0a617780
langcode: en
status: true
dependencies:
  module:
    - block_class
    - gearwrench_core
  theme:
    - gearwrench
third_party_settings:
  block_class:
    classes: block--header-search
id: header_search_block
theme: gearwrench
region: header
weight: -4
provider: null
plugin: header_search
settings:
  id: header_search
  label: 'Header Search Block'
  label_display: '0'
  provider: gearwrench_core
visibility: {  }
