langcode: en
status: true
dependencies:
  module:
    - sata_core
  theme:
    - sata
id: footer_navigation_block
theme: sata
region: footer_first
weight: -8
provider: null
plugin: footer_navigation_block
settings:
  id: footer_navigation_block
  label: 'Footer navigation block'
  label_display: '0'
  provider: sata_core
visibility: {  }
