uuid: 6f9c2b41-0c28-4f86-8863-cc1f7560d41f
langcode: en
status: true
dependencies:
  module:
    - block_class
    - crescenttool_core
  theme:
    - crescenttool
third_party_settings:
  block_class:
    classes: block--country-switch
id: country_switch_block
theme: crescenttool
region: header
weight: 0
provider: null
plugin: country_switch
settings:
  id: country_switch
  label: 'Country Switch Block'
  provider: crescenttool_core
  label_display: '0'
visibility: {  }
