uuid: e2cdcd1b-6db9-44c3-ab16-816dd74fa9b9
langcode: en
status: true
dependencies:
  module:
    - crescenttool_core
  theme:
    - crescenttool
id: footer_navigation_block
theme: crescenttool
region: footer_first
weight: 0
provider: null
plugin: footer_navigation_block
settings:
  id: footer_navigation_block
  label: 'Footer navigation block'
  provider: crescenttool_core
  label_display: '0'
visibility: {  }
