uuid: f91deae0-3699-4c5f-a774-af24b73b4fd1
langcode: en
status: true
dependencies:
  content:
    - 'block_content:basic:adb047d9-1eec-4a24-ac21-841e0a90b7bb'
  module:
    - block_content
  theme:
    - crescenttool
id: wisepopsblock
theme: crescenttool
region: footer_second
weight: 0
provider: null
plugin: 'block_content:adb047d9-1eec-4a24-ac21-841e0a90b7bb'
settings:
  id: 'block_content:adb047d9-1eec-4a24-ac21-841e0a90b7bb'
  label: 'Wisepops Block'
  label_display: '0'
  provider: block_content
  status: true
  info: ''
  view_mode: full
visibility: {  }
