uuid: e49e0365-f507-4e8f-9a19-48df6e858cda
langcode: en
status: true
dependencies:
  module:
    - block_class
    - sata_core
  theme:
    - sata
third_party_settings:
  block_class:
    classes: block--header-search
id: headersearchblock
theme: sata
region: utility_area
weight: 0
provider: null
plugin: header_search
settings:
  id: header_search
  label: 'Header Search Block'
  label_display: '0'
  provider: sata_core
visibility: {  }
