uuid: 71840578-abfb-4bb5-a0f6-d154cd8f79b2
langcode: en
status: true
dependencies:
  config:
    - fixed_block_content.fixed_block_content.homepage_cta_block
  module:
    - fixed_block_content
    - system
  theme:
    - apextoolgroup
id: homepagectablock
theme: apextoolgroup
region: content
weight: -9
provider: null
plugin: 'fixed_block_content:homepage_cta_block'
settings:
  id: 'fixed_block_content:homepage_cta_block'
  label: 'Homepage CTA block'
  label_display: '0'
  provider: fixed_block_content
  view_mode: ''
visibility:
  request_path:
    id: request_path
    negate: false
    pages: '<front>'
