uuid: 78e512c5-995b-44ff-a294-2ffafaf70366
langcode: en
status: true
dependencies:
  config:
    - fixed_block_content.fixed_block_content.warranty_block
  module:
    - fixed_block_content
    - system
  theme:
    - apextoolgroup
id: warrantyblock
theme: apextoolgroup
region: content
weight: -5
provider: null
plugin: 'fixed_block_content:warranty_block'
settings:
  id: 'fixed_block_content:warranty_block'
  label: 'Warranty Block'
  label_display: '0'
  provider: fixed_block_content
  view_mode: ''
visibility:
  request_path:
    id: request_path
    negate: false
    pages: '<front>'
