uuid: 3683e18d-bfca-48ec-a584-c960aed4a272
langcode: en
status: true
dependencies:
  config:
    - block_content.type.sidebar_contact_block
id: block_content.sidebar_contact_block
target_entity_type_id: block_content
target_bundle: sidebar_contact_block
default_langcode: site_default
language_alterable: false
