uuid: c7b39b1f-b22d-42b8-94be-834c69e69ba8
langcode: en
status: true
dependencies:
  module:
    - block_class
    - sata_core
  theme:
    - sata
third_party_settings:
  block_class:
    classes: block--header-search
id: header_search_block
theme: sata
region: header
weight: -7
provider: null
plugin: header_search
settings:
  id: header_search
  label: 'Header Search Block'
  label_display: '0'
  provider: sata_core
visibility: {  }
