uuid: 5b849d9c-9b86-446f-b22b-7ceb555f51da
langcode: en
status: true
dependencies:
  content:
    - 'block_content:basic:76dca9d7-47ba-4e9c-8a7a-3145d64e8f68'
  module:
    - block_content
  theme:
    - gearwrench
id: wisepopsblock
theme: gearwrench
region: footer_first
weight: 0
provider: null
plugin: 'block_content:76dca9d7-47ba-4e9c-8a7a-3145d64e8f68'
settings:
  id: 'block_content:76dca9d7-47ba-4e9c-8a7a-3145d64e8f68'
  label: 'Wisepops Block'
  label_display: '0'
  provider: block_content
  status: true
  info: ''
  view_mode: full
visibility: {  }
