uuid: 143b1138-087d-48f4-8819-227f42471933
langcode: en
status: true
dependencies:
  module:
    - entity_reference_revisions
    - paragraphs
id: paragraph.field_message_block
field_name: field_message_block
entity_type: paragraph
type: entity_reference_revisions
settings:
  target_type: paragraph
module: entity_reference_revisions
locked: false
cardinality: 1
translatable: true
indexes: {  }
persist_with_no_fields: false
custom_storage: false
