uuid: f9875721-1096-4892-8212-ca6fb83e8e48
langcode: en
status: true
dependencies:
  content:
    - 'file:file:e743a6d5-84a6-4e45-8512-1061dfeb604a'
id: testimonials_block
label: 'Testimonials Block'
icon_uuid: e743a6d5-84a6-4e45-8512-1061dfeb604a
description: 'Used on Homepage as a full-width feature section'
behavior_plugins: {  }
