uuid: 3adcc5b8-5e23-401c-a972-5502cc3f8848
langcode: en
status: true
dependencies:
  config:
    - block_content.type.youtube_icon_block
id: block_content.youtube_icon_block
target_entity_type_id: block_content
target_bundle: youtube_icon_block
default_langcode: site_default
language_alterable: false
